// !$*UTF8*$!
{
	archiveVersion = 1;
	classes = {
	};
	objectVersion = 56;
	objects = {

/* Begin PBXBuildFile section */
		AB14F7402A44401D002984B3 /* RecommandedCompletionPresenter.swift in Sources */ = {isa = PBXBuildFile; fileRef = AB14F73A2A44401D002984B3 /* RecommandedCompletionPresenter.swift */; };
		AB14F7412A44401D002984B3 /* RecommandedCompletionWorker.swift in Sources */ = {isa = PBXBuildFile; fileRef = AB14F73B2A44401D002984B3 /* RecommandedCompletionWorker.swift */; };
		AB14F7422A44401D002984B3 /* RecommandedCompletionRouter.swift in Sources */ = {isa = PBXBuildFile; fileRef = AB14F73C2A44401D002984B3 /* RecommandedCompletionRouter.swift */; };
		AB14F7432A44401D002984B3 /* RecommandedCompletionModels.swift in Sources */ = {isa = PBXBuildFile; fileRef = AB14F73D2A44401D002984B3 /* RecommandedCompletionModels.swift */; };
		AB14F7442A44401D002984B3 /* RecommandedCompletionViewController.swift in Sources */ = {isa = PBXBuildFile; fileRef = AB14F73E2A44401D002984B3 /* RecommandedCompletionViewController.swift */; };
		AB14F7452A44401D002984B3 /* RecommandedCompletionInteractor.swift in Sources */ = {isa = PBXBuildFile; fileRef = AB14F73F2A44401D002984B3 /* RecommandedCompletionInteractor.swift */; };
		AB4DE8672A4EC0A500FE1EC2 /* Font+.swift in Sources */ = {isa = PBXBuildFile; fileRef = AB4DE8662A4EC0A500FE1EC2 /* Font+.swift */; };
		AB4DE86B2A4EC63600FE1EC2 /* ClimateCrisisKR-1979.otf in Resources */ = {isa = PBXBuildFile; fileRef = AB4DE86A2A4EC63600FE1EC2 /* ClimateCrisisKR-1979.otf */; };
		AB4DE86D2A4EC7A600FE1EC2 /* CAGradientLayer+.swift in Sources */ = {isa = PBXBuildFile; fileRef = AB4DE86C2A4EC7A600FE1EC2 /* CAGradientLayer+.swift */; };
		AB6C58EF2A4290A3003BBEAD /* AppDelegate.swift in Sources */ = {isa = PBXBuildFile; fileRef = AB6C58EE2A4290A3003BBEAD /* AppDelegate.swift */; };
		AB6C58F12A4290A3003BBEAD /* SceneDelegate.swift in Sources */ = {isa = PBXBuildFile; fileRef = AB6C58F02A4290A3003BBEAD /* SceneDelegate.swift */; };
		AB6C58F82A4290A4003BBEAD /* Assets.xcassets in Resources */ = {isa = PBXBuildFile; fileRef = AB6C58F72A4290A4003BBEAD /* Assets.xcassets */; };
		AB6C59062A4290A4003BBEAD /* CleanWebtoonTests.swift in Sources */ = {isa = PBXBuildFile; fileRef = AB6C59052A4290A4003BBEAD /* CleanWebtoonTests.swift */; };
		AB6C59102A4290A4003BBEAD /* CleanWebtoonUITests.swift in Sources */ = {isa = PBXBuildFile; fileRef = AB6C590F2A4290A4003BBEAD /* CleanWebtoonUITests.swift */; };
		AB6C59122A4290A4003BBEAD /* CleanWebtoonUITestsLaunchTests.swift in Sources */ = {isa = PBXBuildFile; fileRef = AB6C59112A4290A4003BBEAD /* CleanWebtoonUITestsLaunchTests.swift */; };
		AB6C592E2A42AB5D003BBEAD /* WebtoonHomePresenter.swift in Sources */ = {isa = PBXBuildFile; fileRef = AB6C59282A42AB5D003BBEAD /* WebtoonHomePresenter.swift */; };
		AB6C592F2A42AB5D003BBEAD /* WebtoonHomeWorker.swift in Sources */ = {isa = PBXBuildFile; fileRef = AB6C59292A42AB5D003BBEAD /* WebtoonHomeWorker.swift */; };
		AB6C59302A42AB5D003BBEAD /* WebtoonHomeRouter.swift in Sources */ = {isa = PBXBuildFile; fileRef = AB6C592A2A42AB5D003BBEAD /* WebtoonHomeRouter.swift */; };
		AB6C59312A42AB5D003BBEAD /* WebtoonHomeModels.swift in Sources */ = {isa = PBXBuildFile; fileRef = AB6C592B2A42AB5D003BBEAD /* WebtoonHomeModels.swift */; };
		AB6C59322A42AB5D003BBEAD /* WebtoonHomeViewController.swift in Sources */ = {isa = PBXBuildFile; fileRef = AB6C592C2A42AB5D003BBEAD /* WebtoonHomeViewController.swift */; };
		AB6C59332A42AB5D003BBEAD /* WebtoonHomeInteractor.swift in Sources */ = {isa = PBXBuildFile; fileRef = AB6C592D2A42AB5D003BBEAD /* WebtoonHomeInteractor.swift */; };
		AB6C593D2A42B844003BBEAD /* AppRootPresenter.swift in Sources */ = {isa = PBXBuildFile; fileRef = AB6C59372A42B844003BBEAD /* AppRootPresenter.swift */; };
		AB6C593E2A42B844003BBEAD /* AppRootWorker.swift in Sources */ = {isa = PBXBuildFile; fileRef = AB6C59382A42B844003BBEAD /* AppRootWorker.swift */; };
		AB6C593F2A42B844003BBEAD /* AppRootRouter.swift in Sources */ = {isa = PBXBuildFile; fileRef = AB6C59392A42B844003BBEAD /* AppRootRouter.swift */; };
		AB6C59402A42B844003BBEAD /* AppRootModels.swift in Sources */ = {isa = PBXBuildFile; fileRef = AB6C593A2A42B844003BBEAD /* AppRootModels.swift */; };
		AB6C59412A42B844003BBEAD /* AppRootViewController.swift in Sources */ = {isa = PBXBuildFile; fileRef = AB6C593B2A42B844003BBEAD /* AppRootViewController.swift */; };
		AB6C59422A42B844003BBEAD /* AppRootInteractor.swift in Sources */ = {isa = PBXBuildFile; fileRef = AB6C593C2A42B844003BBEAD /* AppRootInteractor.swift */; };
		ABCFCA672A4A7D8F0061F5EE /* EndPoint.swift in Sources */ = {isa = PBXBuildFile; fileRef = ABCFCA662A4A7D8F0061F5EE /* EndPoint.swift */; };
		ABCFCA6B2A4A83970061F5EE /* RequestMaker.swift in Sources */ = {isa = PBXBuildFile; fileRef = ABCFCA6A2A4A83970061F5EE /* RequestMaker.swift */; };
		ABCFCA6F2A4A85350061F5EE /* WebtoonsAPI.swift in Sources */ = {isa = PBXBuildFile; fileRef = ABCFCA6E2A4A85350061F5EE /* WebtoonsAPI.swift */; };
		ABCFCA742A4ABB920061F5EE /* WebtoonListDataSource.swift in Sources */ = {isa = PBXBuildFile; fileRef = ABCFCA732A4ABB920061F5EE /* WebtoonListDataSource.swift */; };
		ABCFCA762A4ABDD70061F5EE /* WebtoonListCell.swift in Sources */ = {isa = PBXBuildFile; fileRef = ABCFCA752A4ABDD70061F5EE /* WebtoonListCell.swift */; };
		ABCFCA782A4ACCC50061F5EE /* WebtoonListLayout.swift in Sources */ = {isa = PBXBuildFile; fileRef = ABCFCA772A4ACCC50061F5EE /* WebtoonListLayout.swift */; };
		ABCFCA832A4BE9680061F5EE /* Date+.swift in Sources */ = {isa = PBXBuildFile; fileRef = ABCFCA822A4BE9680061F5EE /* Date+.swift */; };
		ABCFCA852A4BFBA10061F5EE /* UIImage+.swift in Sources */ = {isa = PBXBuildFile; fileRef = ABCFCA842A4BFBA10061F5EE /* UIImage+.swift */; };
		ABD0881A2A53F8C700A28006 /* ScrollDelegate.swift in Sources */ = {isa = PBXBuildFile; fileRef = ABD088192A53F8C700A28006 /* ScrollDelegate.swift */; };
		ABD0885A2A5561D500A28006 /* Cache.swift in Sources */ = {isa = PBXBuildFile; fileRef = ABD088592A5561D500A28006 /* Cache.swift */; };
		ABD088622A56753300A28006 /* CoreDataManager.swift in Sources */ = {isa = PBXBuildFile; fileRef = ABD088612A56753300A28006 /* CoreDataManager.swift */; };
		ABD0887A2A569CEA00A28006 /* WebtoonCacheModel.xcdatamodeld in Sources */ = {isa = PBXBuildFile; fileRef = ABD088782A569CEA00A28006 /* WebtoonCacheModel.xcdatamodeld */; };
		ABD088812A56A12800A28006 /* LastUpdate.json in Resources */ = {isa = PBXBuildFile; fileRef = ABD088802A56A12800A28006 /* LastUpdate.json */; };
		ABD088842A56B7E900A28006 /* WebtoonEntity+CoreDataClass.swift in Sources */ = {isa = PBXBuildFile; fileRef = ABD088822A56B7E900A28006 /* WebtoonEntity+CoreDataClass.swift */; };
		ABD088852A56B7E900A28006 /* WebtoonEntity+CoreDataProperties.swift in Sources */ = {isa = PBXBuildFile; fileRef = ABD088832A56B7E900A28006 /* WebtoonEntity+CoreDataProperties.swift */; };
/* End PBXBuildFile section */

/* Begin PBXContainerItemProxy section */
		AB6C59022A4290A4003BBEAD /* PBXContainerItemProxy */ = {
			isa = PBXContainerItemProxy;
			containerPortal = AB6C58E32A4290A3003BBEAD /* Project object */;
			proxyType = 1;
			remoteGlobalIDString = AB6C58EA2A4290A3003BBEAD;
			remoteInfo = CleanWebtoon;
		};
		AB6C590C2A4290A4003BBEAD /* PBXContainerItemProxy */ = {
			isa = PBXContainerItemProxy;
			containerPortal = AB6C58E32A4290A3003BBEAD /* Project object */;
			proxyType = 1;
			remoteGlobalIDString = AB6C58EA2A4290A3003BBEAD;
			remoteInfo = CleanWebtoon;
		};
/* End PBXContainerItemProxy section */

/* Begin PBXFileReference section */
		AB14F73A2A44401D002984B3 /* RecommandedCompletionPresenter.swift */ = {isa = PBXFileReference; lastKnownFileType = sourcecode.swift; path = RecommandedCompletionPresenter.swift; sourceTree = "<group>"; };
		AB14F73B2A44401D002984B3 /* RecommandedCompletionWorker.swift */ = {isa = PBXFileReference; lastKnownFileType = sourcecode.swift; path = RecommandedCompletionWorker.swift; sourceTree = "<group>"; };
		AB14F73C2A44401D002984B3 /* RecommandedCompletionRouter.swift */ = {isa = PBXFileReference; lastKnownFileType = sourcecode.swift; path = RecommandedCompletionRouter.swift; sourceTree = "<group>"; };
		AB14F73D2A44401D002984B3 /* RecommandedCompletionModels.swift */ = {isa = PBXFileReference; lastKnownFileType = sourcecode.swift; path = RecommandedCompletionModels.swift; sourceTree = "<group>"; };
		AB14F73E2A44401D002984B3 /* RecommandedCompletionViewController.swift */ = {isa = PBXFileReference; lastKnownFileType = sourcecode.swift; path = RecommandedCompletionViewController.swift; sourceTree = "<group>"; };
		AB14F73F2A44401D002984B3 /* RecommandedCompletionInteractor.swift */ = {isa = PBXFileReference; lastKnownFileType = sourcecode.swift; path = RecommandedCompletionInteractor.swift; sourceTree = "<group>"; };
		AB4DE8662A4EC0A500FE1EC2 /* Font+.swift */ = {isa = PBXFileReference; lastKnownFileType = sourcecode.swift; path = "Font+.swift"; sourceTree = "<group>"; };
		AB4DE86A2A4EC63600FE1EC2 /* ClimateCrisisKR-1979.otf */ = {isa = PBXFileReference; lastKnownFileType = file; path = "ClimateCrisisKR-1979.otf"; sourceTree = "<group>"; };
		AB4DE86C2A4EC7A600FE1EC2 /* CAGradientLayer+.swift */ = {isa = PBXFileReference; lastKnownFileType = sourcecode.swift; path = "CAGradientLayer+.swift"; sourceTree = "<group>"; };
		AB6C58EB2A4290A3003BBEAD /* CleanWebtoon.app */ = {isa = PBXFileReference; explicitFileType = wrapper.application; includeInIndex = 0; path = CleanWebtoon.app; sourceTree = BUILT_PRODUCTS_DIR; };
		AB6C58EE2A4290A3003BBEAD /* AppDelegate.swift */ = {isa = PBXFileReference; lastKnownFileType = sourcecode.swift; path = AppDelegate.swift; sourceTree = "<group>"; };
		AB6C58F02A4290A3003BBEAD /* SceneDelegate.swift */ = {isa = PBXFileReference; lastKnownFileType = sourcecode.swift; path = SceneDelegate.swift; sourceTree = "<group>"; };
		AB6C58F72A4290A4003BBEAD /* Assets.xcassets */ = {isa = PBXFileReference; lastKnownFileType = folder.assetcatalog; path = Assets.xcassets; sourceTree = "<group>"; };
		AB6C58FC2A4290A4003BBEAD /* Info.plist */ = {isa = PBXFileReference; lastKnownFileType = text.plist.xml; path = Info.plist; sourceTree = "<group>"; };
		AB6C59012A4290A4003BBEAD /* CleanWebtoonTests.xctest */ = {isa = PBXFileReference; explicitFileType = wrapper.cfbundle; includeInIndex = 0; path = CleanWebtoonTests.xctest; sourceTree = BUILT_PRODUCTS_DIR; };
		AB6C59052A4290A4003BBEAD /* CleanWebtoonTests.swift */ = {isa = PBXFileReference; lastKnownFileType = sourcecode.swift; path = CleanWebtoonTests.swift; sourceTree = "<group>"; };
		AB6C590B2A4290A4003BBEAD /* CleanWebtoonUITests.xctest */ = {isa = PBXFileReference; explicitFileType = wrapper.cfbundle; includeInIndex = 0; path = CleanWebtoonUITests.xctest; sourceTree = BUILT_PRODUCTS_DIR; };
		AB6C590F2A4290A4003BBEAD /* CleanWebtoonUITests.swift */ = {isa = PBXFileReference; lastKnownFileType = sourcecode.swift; path = CleanWebtoonUITests.swift; sourceTree = "<group>"; };
		AB6C59112A4290A4003BBEAD /* CleanWebtoonUITestsLaunchTests.swift */ = {isa = PBXFileReference; lastKnownFileType = sourcecode.swift; path = CleanWebtoonUITestsLaunchTests.swift; sourceTree = "<group>"; };
		AB6C59282A42AB5D003BBEAD /* WebtoonHomePresenter.swift */ = {isa = PBXFileReference; lastKnownFileType = sourcecode.swift; path = WebtoonHomePresenter.swift; sourceTree = "<group>"; };
		AB6C59292A42AB5D003BBEAD /* WebtoonHomeWorker.swift */ = {isa = PBXFileReference; lastKnownFileType = sourcecode.swift; path = WebtoonHomeWorker.swift; sourceTree = "<group>"; };
		AB6C592A2A42AB5D003BBEAD /* WebtoonHomeRouter.swift */ = {isa = PBXFileReference; lastKnownFileType = sourcecode.swift; path = WebtoonHomeRouter.swift; sourceTree = "<group>"; };
		AB6C592B2A42AB5D003BBEAD /* WebtoonHomeModels.swift */ = {isa = PBXFileReference; lastKnownFileType = sourcecode.swift; path = WebtoonHomeModels.swift; sourceTree = "<group>"; };
		AB6C592C2A42AB5D003BBEAD /* WebtoonHomeViewController.swift */ = {isa = PBXFileReference; lastKnownFileType = sourcecode.swift; path = WebtoonHomeViewController.swift; sourceTree = "<group>"; };
		AB6C592D2A42AB5D003BBEAD /* WebtoonHomeInteractor.swift */ = {isa = PBXFileReference; lastKnownFileType = sourcecode.swift; path = WebtoonHomeInteractor.swift; sourceTree = "<group>"; };
		AB6C59372A42B844003BBEAD /* AppRootPresenter.swift */ = {isa = PBXFileReference; lastKnownFileType = sourcecode.swift; path = AppRootPresenter.swift; sourceTree = "<group>"; };
		AB6C59382A42B844003BBEAD /* AppRootWorker.swift */ = {isa = PBXFileReference; lastKnownFileType = sourcecode.swift; path = AppRootWorker.swift; sourceTree = "<group>"; };
		AB6C59392A42B844003BBEAD /* AppRootRouter.swift */ = {isa = PBXFileReference; lastKnownFileType = sourcecode.swift; path = AppRootRouter.swift; sourceTree = "<group>"; };
		AB6C593A2A42B844003BBEAD /* AppRootModels.swift */ = {isa = PBXFileReference; lastKnownFileType = sourcecode.swift; path = AppRootModels.swift; sourceTree = "<group>"; };
		AB6C593B2A42B844003BBEAD /* AppRootViewController.swift */ = {isa = PBXFileReference; lastKnownFileType = sourcecode.swift; path = AppRootViewController.swift; sourceTree = "<group>"; };
		AB6C593C2A42B844003BBEAD /* AppRootInteractor.swift */ = {isa = PBXFileReference; lastKnownFileType = sourcecode.swift; path = AppRootInteractor.swift; sourceTree = "<group>"; };
		ABCFCA662A4A7D8F0061F5EE /* EndPoint.swift */ = {isa = PBXFileReference; lastKnownFileType = sourcecode.swift; path = EndPoint.swift; sourceTree = "<group>"; };
		ABCFCA6A2A4A83970061F5EE /* RequestMaker.swift */ = {isa = PBXFileReference; lastKnownFileType = sourcecode.swift; path = RequestMaker.swift; sourceTree = "<group>"; };
		ABCFCA6E2A4A85350061F5EE /* WebtoonsAPI.swift */ = {isa = PBXFileReference; lastKnownFileType = sourcecode.swift; path = WebtoonsAPI.swift; sourceTree = "<group>"; };
		ABCFCA732A4ABB920061F5EE /* WebtoonListDataSource.swift */ = {isa = PBXFileReference; lastKnownFileType = sourcecode.swift; path = WebtoonListDataSource.swift; sourceTree = "<group>"; };
		ABCFCA752A4ABDD70061F5EE /* WebtoonListCell.swift */ = {isa = PBXFileReference; lastKnownFileType = sourcecode.swift; path = WebtoonListCell.swift; sourceTree = "<group>"; };
		ABCFCA772A4ACCC50061F5EE /* WebtoonListLayout.swift */ = {isa = PBXFileReference; lastKnownFileType = sourcecode.swift; path = WebtoonListLayout.swift; sourceTree = "<group>"; };
		ABCFCA822A4BE9680061F5EE /* Date+.swift */ = {isa = PBXFileReference; lastKnownFileType = sourcecode.swift; path = "Date+.swift"; sourceTree = "<group>"; };
		ABCFCA842A4BFBA10061F5EE /* UIImage+.swift */ = {isa = PBXFileReference; lastKnownFileType = sourcecode.swift; path = "UIImage+.swift"; sourceTree = "<group>"; };
		ABD088192A53F8C700A28006 /* ScrollDelegate.swift */ = {isa = PBXFileReference; lastKnownFileType = sourcecode.swift; path = ScrollDelegate.swift; sourceTree = "<group>"; };
		ABD088592A5561D500A28006 /* Cache.swift */ = {isa = PBXFileReference; lastKnownFileType = sourcecode.swift; path = Cache.swift; sourceTree = "<group>"; };
		ABD088612A56753300A28006 /* CoreDataManager.swift */ = {isa = PBXFileReference; lastKnownFileType = sourcecode.swift; path = CoreDataManager.swift; sourceTree = "<group>"; };
		ABD088792A569CEA00A28006 /* WebtoonCacheModel.xcdatamodel */ = {isa = PBXFileReference; lastKnownFileType = wrapper.xcdatamodel; path = WebtoonCacheModel.xcdatamodel; sourceTree = "<group>"; };
		ABD088802A56A12800A28006 /* LastUpdate.json */ = {isa = PBXFileReference; lastKnownFileType = text.json; path = LastUpdate.json; sourceTree = "<group>"; };
		ABD088822A56B7E900A28006 /* WebtoonEntity+CoreDataClass.swift */ = {isa = PBXFileReference; lastKnownFileType = sourcecode.swift; path = "WebtoonEntity+CoreDataClass.swift"; sourceTree = "<group>"; };
		ABD088832A56B7E900A28006 /* WebtoonEntity+CoreDataProperties.swift */ = {isa = PBXFileReference; lastKnownFileType = sourcecode.swift; path = "WebtoonEntity+CoreDataProperties.swift"; sourceTree = "<group>"; };
/* End PBXFileReference section */

/* Begin PBXFrameworksBuildPhase section */
		AB6C58E82A4290A3003BBEAD /* Frameworks */ = {
			isa = PBXFrameworksBuildPhase;
			buildActionMask = 2147483647;
			files = (
			);
			runOnlyForDeploymentPostprocessing = 0;
		};
		AB6C58FE2A4290A4003BBEAD /* Frameworks */ = {
			isa = PBXFrameworksBuildPhase;
			buildActionMask = 2147483647;
			files = (
			);
			runOnlyForDeploymentPostprocessing = 0;
		};
		AB6C59082A4290A4003BBEAD /* Frameworks */ = {
			isa = PBXFrameworksBuildPhase;
			buildActionMask = 2147483647;
			files = (
			);
			runOnlyForDeploymentPostprocessing = 0;
		};
/* End PBXFrameworksBuildPhase section */

/* Begin PBXGroup section */
		AB14F7392A44400B002984B3 /* RecommandedCompletion */ = {
			isa = PBXGroup;
			children = (
				AB14F73A2A44401D002984B3 /* RecommandedCompletionPresenter.swift */,
				AB14F73B2A44401D002984B3 /* RecommandedCompletionWorker.swift */,
				AB14F73C2A44401D002984B3 /* RecommandedCompletionRouter.swift */,
				AB14F73D2A44401D002984B3 /* RecommandedCompletionModels.swift */,
				AB14F73E2A44401D002984B3 /* RecommandedCompletionViewController.swift */,
				AB14F73F2A44401D002984B3 /* RecommandedCompletionInteractor.swift */,
			);
			path = RecommandedCompletion;
			sourceTree = "<group>";
		};
		AB4DE8632A4EC02F00FE1EC2 /* Fonts */ = {
			isa = PBXGroup;
			children = (
				AB4DE86A2A4EC63600FE1EC2 /* ClimateCrisisKR-1979.otf */,
			);
			path = Fonts;
			sourceTree = "<group>";
		};
		AB6C58E22A4290A3003BBEAD = {
			isa = PBXGroup;
			children = (
				AB6C58ED2A4290A3003BBEAD /* CleanWebtoon */,
				AB6C59042A4290A4003BBEAD /* CleanWebtoonTests */,
				AB6C590E2A4290A4003BBEAD /* CleanWebtoonUITests */,
				AB6C58EC2A4290A3003BBEAD /* Products */,
			);
			sourceTree = "<group>";
		};
		AB6C58EC2A4290A3003BBEAD /* Products */ = {
			isa = PBXGroup;
			children = (
				AB6C58EB2A4290A3003BBEAD /* CleanWebtoon.app */,
				AB6C59012A4290A4003BBEAD /* CleanWebtoonTests.xctest */,
				AB6C590B2A4290A4003BBEAD /* CleanWebtoonUITests.xctest */,
			);
			name = Products;
			sourceTree = "<group>";
		};
		AB6C58ED2A4290A3003BBEAD /* CleanWebtoon */ = {
			isa = PBXGroup;
			children = (
				ABD0887F2A56A0DE00A28006 /* ServiceDummy */,
				ABD0885B2A566CE000A28006 /* Repository */,
				ABD088582A5561CA00A28006 /* Cache */,
				AB4DE8632A4EC02F00FE1EC2 /* Fonts */,
				ABE197832A4A6CEA00C50CB5 /* Services */,
				AB6C59352A42B7A6003BBEAD /* App */,
				AB6C59342A42B641003BBEAD /* Scenes */,
				ABCFCA812A4BE9470061F5EE /* Extension */,
				AB6C58F72A4290A4003BBEAD /* Assets.xcassets */,
				AB6C58FC2A4290A4003BBEAD /* Info.plist */,
			);
			path = CleanWebtoon;
			sourceTree = "<group>";
		};
		AB6C59042A4290A4003BBEAD /* CleanWebtoonTests */ = {
			isa = PBXGroup;
			children = (
				AB6C59052A4290A4003BBEAD /* CleanWebtoonTests.swift */,
			);
			path = CleanWebtoonTests;
			sourceTree = "<group>";
		};
		AB6C590E2A4290A4003BBEAD /* CleanWebtoonUITests */ = {
			isa = PBXGroup;
			children = (
				AB6C590F2A4290A4003BBEAD /* CleanWebtoonUITests.swift */,
				AB6C59112A4290A4003BBEAD /* CleanWebtoonUITestsLaunchTests.swift */,
			);
			path = CleanWebtoonUITests;
			sourceTree = "<group>";
		};
		AB6C59232A42AADA003BBEAD /* AppRoot */ = {
			isa = PBXGroup;
			children = (
				AB6C59372A42B844003BBEAD /* AppRootPresenter.swift */,
				AB6C59382A42B844003BBEAD /* AppRootWorker.swift */,
				AB6C59392A42B844003BBEAD /* AppRootRouter.swift */,
				AB6C593A2A42B844003BBEAD /* AppRootModels.swift */,
				AB6C593B2A42B844003BBEAD /* AppRootViewController.swift */,
				AB6C593C2A42B844003BBEAD /* AppRootInteractor.swift */,
			);
			path = AppRoot;
			sourceTree = "<group>";
		};
		AB6C59242A42AAE5003BBEAD /* WebtoonHomeTab */ = {
			isa = PBXGroup;
			children = (
				ABCFCA722A4ABB810061F5EE /* View */,
				AB6C59282A42AB5D003BBEAD /* WebtoonHomePresenter.swift */,
				AB6C59292A42AB5D003BBEAD /* WebtoonHomeWorker.swift */,
				AB6C592A2A42AB5D003BBEAD /* WebtoonHomeRouter.swift */,
				AB6C592B2A42AB5D003BBEAD /* WebtoonHomeModels.swift */,
				AB6C592C2A42AB5D003BBEAD /* WebtoonHomeViewController.swift */,
				AB6C592D2A42AB5D003BBEAD /* WebtoonHomeInteractor.swift */,
			);
			path = WebtoonHomeTab;
			sourceTree = "<group>";
		};
		AB6C59342A42B641003BBEAD /* Scenes */ = {
			isa = PBXGroup;
			children = (
				AB6C59232A42AADA003BBEAD /* AppRoot */,
				AB6C59242A42AAE5003BBEAD /* WebtoonHomeTab */,
				AB14F7392A44400B002984B3 /* RecommandedCompletion */,
			);
			path = Scenes;
			sourceTree = "<group>";
		};
		AB6C59352A42B7A6003BBEAD /* App */ = {
			isa = PBXGroup;
			children = (
				AB6C58EE2A4290A3003BBEAD /* AppDelegate.swift */,
				AB6C58F02A4290A3003BBEAD /* SceneDelegate.swift */,
			);
			path = App;
			sourceTree = "<group>";
		};
		ABCFCA652A4A7D860061F5EE /* EndPoint */ = {
			isa = PBXGroup;
			children = (
				ABCFCA662A4A7D8F0061F5EE /* EndPoint.swift */,
			);
			path = EndPoint;
			sourceTree = "<group>";
		};
		ABCFCA6C2A4A839A0061F5EE /* Requestable */ = {
			isa = PBXGroup;
			children = (
				ABCFCA6A2A4A83970061F5EE /* RequestMaker.swift */,
			);
			path = Requestable;
			sourceTree = "<group>";
		};
		ABCFCA6D2A4A851C0061F5EE /* Service */ = {
			isa = PBXGroup;
			children = (
				ABCFCA6E2A4A85350061F5EE /* WebtoonsAPI.swift */,
			);
			path = Service;
			sourceTree = "<group>";
		};
		ABCFCA722A4ABB810061F5EE /* View */ = {
			isa = PBXGroup;
			children = (
				ABCFCA732A4ABB920061F5EE /* WebtoonListDataSource.swift */,
				ABCFCA752A4ABDD70061F5EE /* WebtoonListCell.swift */,
				ABCFCA772A4ACCC50061F5EE /* WebtoonListLayout.swift */,
				ABD088192A53F8C700A28006 /* ScrollDelegate.swift */,
			);
			path = View;
			sourceTree = "<group>";
		};
		ABCFCA812A4BE9470061F5EE /* Extension */ = {
			isa = PBXGroup;
			children = (
				ABCFCA822A4BE9680061F5EE /* Date+.swift */,
				ABCFCA842A4BFBA10061F5EE /* UIImage+.swift */,
				AB4DE8662A4EC0A500FE1EC2 /* Font+.swift */,
				AB4DE86C2A4EC7A600FE1EC2 /* CAGradientLayer+.swift */,
			);
			path = Extension;
			sourceTree = "<group>";
		};
		ABD088582A5561CA00A28006 /* Cache */ = {
			isa = PBXGroup;
			children = (
				ABD088592A5561D500A28006 /* Cache.swift */,
			);
			path = Cache;
			sourceTree = "<group>";
		};
		ABD0885B2A566CE000A28006 /* Repository */ = {
			isa = PBXGroup;
			children = (
				ABD088632A56782500A28006 /* Entities */,
				ABD088612A56753300A28006 /* CoreDataManager.swift */,
				ABD088782A569CEA00A28006 /* WebtoonCacheModel.xcdatamodeld */,
			);
			path = Repository;
			sourceTree = "<group>";
		};
		ABD088632A56782500A28006 /* Entities */ = {
			isa = PBXGroup;
			children = (
				ABD088822A56B7E900A28006 /* WebtoonEntity+CoreDataClass.swift */,
				ABD088832A56B7E900A28006 /* WebtoonEntity+CoreDataProperties.swift */,
			);
			path = Entities;
			sourceTree = "<group>";
		};
		ABD0887F2A56A0DE00A28006 /* ServiceDummy */ = {
			isa = PBXGroup;
			children = (
				ABD088802A56A12800A28006 /* LastUpdate.json */,
			);
			path = ServiceDummy;
			sourceTree = "<group>";
		};
		ABE197832A4A6CEA00C50CB5 /* Services */ = {
			isa = PBXGroup;
			children = (
				ABCFCA6D2A4A851C0061F5EE /* Service */,
				ABCFCA6C2A4A839A0061F5EE /* Requestable */,
				ABCFCA652A4A7D860061F5EE /* EndPoint */,
			);
			path = Services;
			sourceTree = "<group>";
		};
/* End PBXGroup section */

/* Begin PBXNativeTarget section */
		AB6C58EA2A4290A3003BBEAD /* CleanWebtoon */ = {
			isa = PBXNativeTarget;
			buildConfigurationList = AB6C59152A4290A4003BBEAD /* Build configuration list for PBXNativeTarget "CleanWebtoon" */;
			buildPhases = (
				AB6C58E72A4290A3003BBEAD /* Sources */,
				AB6C58E82A4290A3003BBEAD /* Frameworks */,
				AB6C58E92A4290A3003BBEAD /* Resources */,
			);
			buildRules = (
			);
			dependencies = (
			);
			name = CleanWebtoon;
			productName = CleanWebtoon;
			productReference = AB6C58EB2A4290A3003BBEAD /* CleanWebtoon.app */;
			productType = "com.apple.product-type.application";
		};
		AB6C59002A4290A4003BBEAD /* CleanWebtoonTests */ = {
			isa = PBXNativeTarget;
			buildConfigurationList = AB6C59182A4290A4003BBEAD /* Build configuration list for PBXNativeTarget "CleanWebtoonTests" */;
			buildPhases = (
				AB6C58FD2A4290A4003BBEAD /* Sources */,
				AB6C58FE2A4290A4003BBEAD /* Frameworks */,
				AB6C58FF2A4290A4003BBEAD /* Resources */,
			);
			buildRules = (
			);
			dependencies = (
				AB6C59032A4290A4003BBEAD /* PBXTargetDependency */,
			);
			name = CleanWebtoonTests;
			productName = CleanWebtoonTests;
			productReference = AB6C59012A4290A4003BBEAD /* CleanWebtoonTests.xctest */;
			productType = "com.apple.product-type.bundle.unit-test";
		};
		AB6C590A2A4290A4003BBEAD /* CleanWebtoonUITests */ = {
			isa = PBXNativeTarget;
			buildConfigurationList = AB6C591B2A4290A4003BBEAD /* Build configuration list for PBXNativeTarget "CleanWebtoonUITests" */;
			buildPhases = (
				AB6C59072A4290A4003BBEAD /* Sources */,
				AB6C59082A4290A4003BBEAD /* Frameworks */,
				AB6C59092A4290A4003BBEAD /* Resources */,
			);
			buildRules = (
			);
			dependencies = (
				AB6C590D2A4290A4003BBEAD /* PBXTargetDependency */,
			);
			name = CleanWebtoonUITests;
			productName = CleanWebtoonUITests;
			productReference = AB6C590B2A4290A4003BBEAD /* CleanWebtoonUITests.xctest */;
			productType = "com.apple.product-type.bundle.ui-testing";
		};
/* End PBXNativeTarget section */

/* Begin PBXProject section */
		AB6C58E32A4290A3003BBEAD /* Project object */ = {
			isa = PBXProject;
			attributes = {
				BuildIndependentTargetsInParallel = 1;
				LastSwiftUpdateCheck = 1430;
				LastUpgradeCheck = 1430;
				TargetAttributes = {
					AB6C58EA2A4290A3003BBEAD = {
						CreatedOnToolsVersion = 14.3;
					};
					AB6C59002A4290A4003BBEAD = {
						CreatedOnToolsVersion = 14.3;
						TestTargetID = AB6C58EA2A4290A3003BBEAD;
					};
					AB6C590A2A4290A4003BBEAD = {
						CreatedOnToolsVersion = 14.3;
						TestTargetID = AB6C58EA2A4290A3003BBEAD;
					};
				};
			};
			buildConfigurationList = AB6C58E62A4290A3003BBEAD /* Build configuration list for PBXProject "CleanWebtoon" */;
			compatibilityVersion = "Xcode 14.0";
			developmentRegion = en;
			hasScannedForEncodings = 0;
			knownRegions = (
				en,
				Base,
			);
			mainGroup = AB6C58E22A4290A3003BBEAD;
			productRefGroup = AB6C58EC2A4290A3003BBEAD /* Products */;
			projectDirPath = "";
			projectRoot = "";
			targets = (
				AB6C58EA2A4290A3003BBEAD /* CleanWebtoon */,
				AB6C59002A4290A4003BBEAD /* CleanWebtoonTests */,
				AB6C590A2A4290A4003BBEAD /* CleanWebtoonUITests */,
			);
		};
/* End PBXProject section */

/* Begin PBXResourcesBuildPhase section */
		AB6C58E92A4290A3003BBEAD /* Resources */ = {
			isa = PBXResourcesBuildPhase;
			buildActionMask = 2147483647;
			files = (
				ABD088812A56A12800A28006 /* LastUpdate.json in Resources */,
				AB6C58F82A4290A4003BBEAD /* Assets.xcassets in Resources */,
				AB4DE86B2A4EC63600FE1EC2 /* ClimateCrisisKR-1979.otf in Resources */,
			);
			runOnlyForDeploymentPostprocessing = 0;
		};
		AB6C58FF2A4290A4003BBEAD /* Resources */ = {
			isa = PBXResourcesBuildPhase;
			buildActionMask = 2147483647;
			files = (
			);
			runOnlyForDeploymentPostprocessing = 0;
		};
		AB6C59092A4290A4003BBEAD /* Resources */ = {
			isa = PBXResourcesBuildPhase;
			buildActionMask = 2147483647;
			files = (
			);
			runOnlyForDeploymentPostprocessing = 0;
		};
/* End PBXResourcesBuildPhase section */

/* Begin PBXSourcesBuildPhase section */
		AB6C58E72A4290A3003BBEAD /* Sources */ = {
			isa = PBXSourcesBuildPhase;
			buildActionMask = 2147483647;
			files = (
				AB14F7402A44401D002984B3 /* RecommandedCompletionPresenter.swift in Sources */,
				ABCFCA852A4BFBA10061F5EE /* UIImage+.swift in Sources */,
				AB6C592E2A42AB5D003BBEAD /* WebtoonHomePresenter.swift in Sources */,
				ABD088852A56B7E900A28006 /* WebtoonEntity+CoreDataProperties.swift in Sources */,
				AB6C59412A42B844003BBEAD /* AppRootViewController.swift in Sources */,
				ABD0887A2A569CEA00A28006 /* WebtoonCacheModel.xcdatamodeld in Sources */,
				ABD088622A56753300A28006 /* CoreDataManager.swift in Sources */,
				AB14F7422A44401D002984B3 /* RecommandedCompletionRouter.swift in Sources */,
				AB4DE8672A4EC0A500FE1EC2 /* Font+.swift in Sources */,
				AB14F7452A44401D002984B3 /* RecommandedCompletionInteractor.swift in Sources */,
				AB6C593E2A42B844003BBEAD /* AppRootWorker.swift in Sources */,
				AB14F7432A44401D002984B3 /* RecommandedCompletionModels.swift in Sources */,
				AB6C592F2A42AB5D003BBEAD /* WebtoonHomeWorker.swift in Sources */,
				ABCFCA6B2A4A83970061F5EE /* RequestMaker.swift in Sources */,
				ABCFCA832A4BE9680061F5EE /* Date+.swift in Sources */,
				AB6C59322A42AB5D003BBEAD /* WebtoonHomeViewController.swift in Sources */,
				AB4DE86D2A4EC7A600FE1EC2 /* CAGradientLayer+.swift in Sources */,
				AB6C59332A42AB5D003BBEAD /* WebtoonHomeInteractor.swift in Sources */,
				ABCFCA742A4ABB920061F5EE /* WebtoonListDataSource.swift in Sources */,
				AB6C593F2A42B844003BBEAD /* AppRootRouter.swift in Sources */,
				AB6C59302A42AB5D003BBEAD /* WebtoonHomeRouter.swift in Sources */,
				ABCFCA762A4ABDD70061F5EE /* WebtoonListCell.swift in Sources */,
				ABCFCA672A4A7D8F0061F5EE /* EndPoint.swift in Sources */,
				AB6C59402A42B844003BBEAD /* AppRootModels.swift in Sources */,
				AB6C59312A42AB5D003BBEAD /* WebtoonHomeModels.swift in Sources */,
				ABCFCA782A4ACCC50061F5EE /* WebtoonListLayout.swift in Sources */,
				AB6C59422A42B844003BBEAD /* AppRootInteractor.swift in Sources */,
				AB14F7442A44401D002984B3 /* RecommandedCompletionViewController.swift in Sources */,
				AB6C58EF2A4290A3003BBEAD /* AppDelegate.swift in Sources */,
				ABD0885A2A5561D500A28006 /* Cache.swift in Sources */,
				ABD088842A56B7E900A28006 /* WebtoonEntity+CoreDataClass.swift in Sources */,
				AB14F7412A44401D002984B3 /* RecommandedCompletionWorker.swift in Sources */,
				ABD0881A2A53F8C700A28006 /* ScrollDelegate.swift in Sources */,
				AB6C593D2A42B844003BBEAD /* AppRootPresenter.swift in Sources */,
				AB6C58F12A4290A3003BBEAD /* SceneDelegate.swift in Sources */,
				ABCFCA6F2A4A85350061F5EE /* WebtoonsAPI.swift in Sources */,
			);
			runOnlyForDeploymentPostprocessing = 0;
		};
		AB6C58FD2A4290A4003BBEAD /* Sources */ = {
			isa = PBXSourcesBuildPhase;
			buildActionMask = 2147483647;
			files = (
				AB6C59062A4290A4003BBEAD /* CleanWebtoonTests.swift in Sources */,
			);
			runOnlyForDeploymentPostprocessing = 0;
		};
		AB6C59072A4290A4003BBEAD /* Sources */ = {
			isa = PBXSourcesBuildPhase;
			buildActionMask = 2147483647;
			files = (
				AB6C59102A4290A4003BBEAD /* CleanWebtoonUITests.swift in Sources */,
				AB6C59122A4290A4003BBEAD /* CleanWebtoonUITestsLaunchTests.swift in Sources */,
			);
			runOnlyForDeploymentPostprocessing = 0;
		};
/* End PBXSourcesBuildPhase section */

/* Begin PBXTargetDependency section */
		AB6C59032A4290A4003BBEAD /* PBXTargetDependency */ = {
			isa = PBXTargetDependency;
			target = AB6C58EA2A4290A3003BBEAD /* CleanWebtoon */;
			targetProxy = AB6C59022A4290A4003BBEAD /* PBXContainerItemProxy */;
		};
		AB6C590D2A4290A4003BBEAD /* PBXTargetDependency */ = {
			isa = PBXTargetDependency;
			target = AB6C58EA2A4290A3003BBEAD /* CleanWebtoon */;
			targetProxy = AB6C590C2A4290A4003BBEAD /* PBXContainerItemProxy */;
		};
/* End PBXTargetDependency section */

/* Begin XCBuildConfiguration section */
		AB6C59132A4290A4003BBEAD /* Debug */ = {
			isa = XCBuildConfiguration;
			buildSettings = {
				ALWAYS_SEARCH_USER_PATHS = NO;
				CLANG_ANALYZER_NONNULL = YES;
				CLANG_ANALYZER_NUMBER_OBJECT_CONVERSION = YES_AGGRESSIVE;
				CLANG_CXX_LANGUAGE_STANDARD = "gnu++20";
				CLANG_ENABLE_MODULES = YES;
				CLANG_ENABLE_OBJC_ARC = YES;
				CLANG_ENABLE_OBJC_WEAK = YES;
				CLANG_WARN_BLOCK_CAPTURE_AUTORELEASING = YES;
				CLANG_WARN_BOOL_CONVERSION = YES;
				CLANG_WARN_COMMA = YES;
				CLANG_WARN_CONSTANT_CONVERSION = YES;
				CLANG_WARN_DEPRECATED_OBJC_IMPLEMENTATIONS = YES;
				CLANG_WARN_DIRECT_OBJC_ISA_USAGE = YES_ERROR;
				CLANG_WARN_DOCUMENTATION_COMMENTS = YES;
				CLANG_WARN_EMPTY_BODY = YES;
				CLANG_WARN_ENUM_CONVERSION = YES;
				CLANG_WARN_INFINITE_RECURSION = YES;
				CLANG_WARN_INT_CONVERSION = YES;
				CLANG_WARN_NON_LITERAL_NULL_CONVERSION = YES;
				CLANG_WARN_OBJC_IMPLICIT_RETAIN_SELF = YES;
				CLANG_WARN_OBJC_LITERAL_CONVERSION = YES;
				CLANG_WARN_OBJC_ROOT_CLASS = YES_ERROR;
				CLANG_WARN_QUOTED_INCLUDE_IN_FRAMEWORK_HEADER = YES;
				CLANG_WARN_RANGE_LOOP_ANALYSIS = YES;
				CLANG_WARN_STRICT_PROTOTYPES = YES;
				CLANG_WARN_SUSPICIOUS_MOVE = YES;
				CLANG_WARN_UNGUARDED_AVAILABILITY = YES_AGGRESSIVE;
				CLANG_WARN_UNREACHABLE_CODE = YES;
				CLANG_WARN__DUPLICATE_METHOD_MATCH = YES;
				COPY_PHASE_STRIP = NO;
				DEBUG_INFORMATION_FORMAT = dwarf;
				ENABLE_STRICT_OBJC_MSGSEND = YES;
				ENABLE_TESTABILITY = YES;
				GCC_C_LANGUAGE_STANDARD = gnu11;
				GCC_DYNAMIC_NO_PIC = NO;
				GCC_NO_COMMON_BLOCKS = YES;
				GCC_OPTIMIZATION_LEVEL = 0;
				GCC_PREPROCESSOR_DEFINITIONS = (
					"DEBUG=1",
					"$(inherited)",
				);
				GCC_WARN_64_TO_32_BIT_CONVERSION = YES;
				GCC_WARN_ABOUT_RETURN_TYPE = YES_ERROR;
				GCC_WARN_UNDECLARED_SELECTOR = YES;
				GCC_WARN_UNINITIALIZED_AUTOS = YES_AGGRESSIVE;
				GCC_WARN_UNUSED_FUNCTION = YES;
				GCC_WARN_UNUSED_VARIABLE = YES;
				IPHONEOS_DEPLOYMENT_TARGET = 14.0;
				MTL_ENABLE_DEBUG_INFO = INCLUDE_SOURCE;
				MTL_FAST_MATH = YES;
				ONLY_ACTIVE_ARCH = YES;
				SDKROOT = iphoneos;
				SWIFT_ACTIVE_COMPILATION_CONDITIONS = DEBUG;
				SWIFT_OPTIMIZATION_LEVEL = "-Onone";
			};
			name = Debug;
		};
		AB6C59142A4290A4003BBEAD /* Release */ = {
			isa = XCBuildConfiguration;
			buildSettings = {
				ALWAYS_SEARCH_USER_PATHS = NO;
				CLANG_ANALYZER_NONNULL = YES;
				CLANG_ANALYZER_NUMBER_OBJECT_CONVERSION = YES_AGGRESSIVE;
				CLANG_CXX_LANGUAGE_STANDARD = "gnu++20";
				CLANG_ENABLE_MODULES = YES;
				CLANG_ENABLE_OBJC_ARC = YES;
				CLANG_ENABLE_OBJC_WEAK = YES;
				CLANG_WARN_BLOCK_CAPTURE_AUTORELEASING = YES;
				CLANG_WARN_BOOL_CONVERSION = YES;
				CLANG_WARN_COMMA = YES;
				CLANG_WARN_CONSTANT_CONVERSION = YES;
				CLANG_WARN_DEPRECATED_OBJC_IMPLEMENTATIONS = YES;
				CLANG_WARN_DIRECT_OBJC_ISA_USAGE = YES_ERROR;
				CLANG_WARN_DOCUMENTATION_COMMENTS = YES;
				CLANG_WARN_EMPTY_BODY = YES;
				CLANG_WARN_ENUM_CONVERSION = YES;
				CLANG_WARN_INFINITE_RECURSION = YES;
				CLANG_WARN_INT_CONVERSION = YES;
				CLANG_WARN_NON_LITERAL_NULL_CONVERSION = YES;
				CLANG_WARN_OBJC_IMPLICIT_RETAIN_SELF = YES;
				CLANG_WARN_OBJC_LITERAL_CONVERSION = YES;
				CLANG_WARN_OBJC_ROOT_CLASS = YES_ERROR;
				CLANG_WARN_QUOTED_INCLUDE_IN_FRAMEWORK_HEADER = YES;
				CLANG_WARN_RANGE_LOOP_ANALYSIS = YES;
				CLANG_WARN_STRICT_PROTOTYPES = YES;
				CLANG_WARN_SUSPICIOUS_MOVE = YES;
				CLANG_WARN_UNGUARDED_AVAILABILITY = YES_AGGRESSIVE;
				CLANG_WARN_UNREACHABLE_CODE = YES;
				CLANG_WARN__DUPLICATE_METHOD_MATCH = YES;
				COPY_PHASE_STRIP = NO;
				DEBUG_INFORMATION_FORMAT = "dwarf-with-dsym";
				ENABLE_NS_ASSERTIONS = NO;
				ENABLE_STRICT_OBJC_MSGSEND = YES;
				GCC_C_LANGUAGE_STANDARD = gnu11;
				GCC_NO_COMMON_BLOCKS = YES;
				GCC_WARN_64_TO_32_BIT_CONVERSION = YES;
				GCC_WARN_ABOUT_RETURN_TYPE = YES_ERROR;
				GCC_WARN_UNDECLARED_SELECTOR = YES;
				GCC_WARN_UNINITIALIZED_AUTOS = YES_AGGRESSIVE;
				GCC_WARN_UNUSED_FUNCTION = YES;
				GCC_WARN_UNUSED_VARIABLE = YES;
				IPHONEOS_DEPLOYMENT_TARGET = 14.0;
				MTL_ENABLE_DEBUG_INFO = NO;
				MTL_FAST_MATH = YES;
				SDKROOT = iphoneos;
				SWIFT_COMPILATION_MODE = wholemodule;
				SWIFT_OPTIMIZATION_LEVEL = "-O";
				VALIDATE_PRODUCT = YES;
			};
			name = Release;
		};
		AB6C59162A4290A4003BBEAD /* Debug */ = {
			isa = XCBuildConfiguration;
			buildSettings = {
				ASSETCATALOG_COMPILER_APPICON_NAME = AppIcon;
				ASSETCATALOG_COMPILER_GLOBAL_ACCENT_COLOR_NAME = AccentColor;
				CODE_SIGN_STYLE = Automatic;
				CURRENT_PROJECT_VERSION = 1;
				DEVELOPMENT_TEAM = TA9B4FGCP9;
				GENERATE_INFOPLIST_FILE = YES;
				INFOPLIST_FILE = CleanWebtoon/Info.plist;
				INFOPLIST_KEY_UIApplicationSupportsIndirectInputEvents = YES;
				INFOPLIST_KEY_UILaunchStoryboardName = LaunchScreen;
				INFOPLIST_KEY_UISupportedInterfaceOrientations = UIInterfaceOrientationPortrait;
				INFOPLIST_KEY_UISupportedInterfaceOrientations_iPad = "UIInterfaceOrientationLandscapeLeft UIInterfaceOrientationLandscapeRight UIInterfaceOrientationPortrait UIInterfaceOrientationPortraitUpsideDown";
				LD_RUNPATH_SEARCH_PATHS = (
					"$(inherited)",
					"@executable_path/Frameworks",
				);
				MARKETING_VERSION = 1.0;
				PRODUCT_BUNDLE_IDENTIFIER = com.jhpark.CleanWebtoon;
				PRODUCT_NAME = "$(TARGET_NAME)";
				SUPPORTED_PLATFORMS = "iphoneos iphonesimulator";
				SUPPORTS_MACCATALYST = NO;
				SUPPORTS_MAC_DESIGNED_FOR_IPHONE_IPAD = YES;
				SWIFT_EMIT_LOC_STRINGS = YES;
				SWIFT_VERSION = 5.0;
				TARGETED_DEVICE_FAMILY = 1;
			};
			name = Debug;
		};
		AB6C59172A4290A4003BBEAD /* Release */ = {
			isa = XCBuildConfiguration;
			buildSettings = {
				ASSETCATALOG_COMPILER_APPICON_NAME = AppIcon;
				ASSETCATALOG_COMPILER_GLOBAL_ACCENT_COLOR_NAME = AccentColor;
				CODE_SIGN_STYLE = Automatic;
				CURRENT_PROJECT_VERSION = 1;
				DEVELOPMENT_TEAM = TA9B4FGCP9;
				GENERATE_INFOPLIST_FILE = YES;
				INFOPLIST_FILE = CleanWebtoon/Info.plist;
				INFOPLIST_KEY_UIApplicationSupportsIndirectInputEvents = YES;
				INFOPLIST_KEY_UILaunchStoryboardName = LaunchScreen;
				INFOPLIST_KEY_UISupportedInterfaceOrientations = UIInterfaceOrientationPortrait;
				INFOPLIST_KEY_UISupportedInterfaceOrientations_iPad = "UIInterfaceOrientationLandscapeLeft UIInterfaceOrientationLandscapeRight UIInterfaceOrientationPortrait UIInterfaceOrientationPortraitUpsideDown";
				LD_RUNPATH_SEARCH_PATHS = (
					"$(inherited)",
					"@executable_path/Frameworks",
				);
				MARKETING_VERSION = 1.0;
				PRODUCT_BUNDLE_IDENTIFIER = com.jhpark.CleanWebtoon;
				PRODUCT_NAME = "$(TARGET_NAME)";
				SUPPORTED_PLATFORMS = "iphoneos iphonesimulator";
				SUPPORTS_MACCATALYST = NO;
				SUPPORTS_MAC_DESIGNED_FOR_IPHONE_IPAD = YES;
				SWIFT_EMIT_LOC_STRINGS = YES;
				SWIFT_VERSION = 5.0;
				TARGETED_DEVICE_FAMILY = 1;
			};
			name = Release;
		};
		AB6C59192A4290A4003BBEAD /* Debug */ = {
			isa = XCBuildConfiguration;
			buildSettings = {
				ALWAYS_EMBED_SWIFT_STANDARD_LIBRARIES = YES;
				BUNDLE_LOADER = "$(TEST_HOST)";
				CODE_SIGN_STYLE = Automatic;
				CURRENT_PROJECT_VERSION = 1;
				DEVELOPMENT_TEAM = TA9B4FGCP9;
				GENERATE_INFOPLIST_FILE = YES;
				IPHONEOS_DEPLOYMENT_TARGET = 16.4;
				MARKETING_VERSION = 1.0;
				PRODUCT_BUNDLE_IDENTIFIER = com.jhpark.CleanWebtoonTests;
				PRODUCT_NAME = "$(TARGET_NAME)";
				SWIFT_EMIT_LOC_STRINGS = NO;
				SWIFT_VERSION = 5.0;
				TARGETED_DEVICE_FAMILY = "1,2";
				TEST_HOST = "$(BUILT_PRODUCTS_DIR)/CleanWebtoon.app/$(BUNDLE_EXECUTABLE_FOLDER_PATH)/CleanWebtoon";
			};
			name = Debug;
		};
		AB6C591A2A4290A4003BBEAD /* Release */ = {
			isa = XCBuildConfiguration;
			buildSettings = {
				ALWAYS_EMBED_SWIFT_STANDARD_LIBRARIES = YES;
				BUNDLE_LOADER = "$(TEST_HOST)";
				CODE_SIGN_STYLE = Automatic;
				CURRENT_PROJECT_VERSION = 1;
				DEVELOPMENT_TEAM = TA9B4FGCP9;
				GENERATE_INFOPLIST_FILE = YES;
				IPHONEOS_DEPLOYMENT_TARGET = 16.4;
				MARKETING_VERSION = 1.0;
				PRODUCT_BUNDLE_IDENTIFIER = com.jhpark.CleanWebtoonTests;
				PRODUCT_NAME = "$(TARGET_NAME)";
				SWIFT_EMIT_LOC_STRINGS = NO;
				SWIFT_VERSION = 5.0;
				TARGETED_DEVICE_FAMILY = "1,2";
				TEST_HOST = "$(BUILT_PRODUCTS_DIR)/CleanWebtoon.app/$(BUNDLE_EXECUTABLE_FOLDER_PATH)/CleanWebtoon";
			};
			name = Release;
		};
		AB6C591C2A4290A4003BBEAD /* Debug */ = {
			isa = XCBuildConfiguration;
			buildSettings = {
				ALWAYS_EMBED_SWIFT_STANDARD_LIBRARIES = YES;
				CODE_SIGN_STYLE = Automatic;
				CURRENT_PROJECT_VERSION = 1;
				DEVELOPMENT_TEAM = TA9B4FGCP9;
				GENERATE_INFOPLIST_FILE = YES;
				MARKETING_VERSION = 1.0;
				PRODUCT_BUNDLE_IDENTIFIER = com.jhpark.CleanWebtoonUITests;
				PRODUCT_NAME = "$(TARGET_NAME)";
				SWIFT_EMIT_LOC_STRINGS = NO;
				SWIFT_VERSION = 5.0;
				TARGETED_DEVICE_FAMILY = "1,2";
				TEST_TARGET_NAME = CleanWebtoon;
			};
			name = Debug;
		};
		AB6C591D2A4290A4003BBEAD /* Release */ = {
			isa = XCBuildConfiguration;
			buildSettings = {
				ALWAYS_EMBED_SWIFT_STANDARD_LIBRARIES = YES;
				CODE_SIGN_STYLE = Automatic;
				CURRENT_PROJECT_VERSION = 1;
				DEVELOPMENT_TEAM = TA9B4FGCP9;
				GENERATE_INFOPLIST_FILE = YES;
				MARKETING_VERSION = 1.0;
				PRODUCT_BUNDLE_IDENTIFIER = com.jhpark.CleanWebtoonUITests;
				PRODUCT_NAME = "$(TARGET_NAME)";
				SWIFT_EMIT_LOC_STRINGS = NO;
				SWIFT_VERSION = 5.0;
				TARGETED_DEVICE_FAMILY = "1,2";
				TEST_TARGET_NAME = CleanWebtoon;
			};
			name = Release;
		};
/* End XCBuildConfiguration section */

/* Begin XCConfigurationList section */
		AB6C58E62A4290A3003BBEAD /* Build configuration list for PBXProject "CleanWebtoon" */ = {
			isa = XCConfigurationList;
			buildConfigurations = (
				AB6C59132A4290A4003BBEAD /* Debug */,
				AB6C59142A4290A4003BBEAD /* Release */,
			);
			defaultConfigurationIsVisible = 0;
			defaultConfigurationName = Release;
		};
		AB6C59152A4290A4003BBEAD /* Build configuration list for PBXNativeTarget "CleanWebtoon" */ = {
			isa = XCConfigurationList;
			buildConfigurations = (
				AB6C59162A4290A4003BBEAD /* Debug */,
				AB6C59172A4290A4003BBEAD /* Release */,
			);
			defaultConfigurationIsVisible = 0;
			defaultConfigurationName = Release;
		};
		AB6C59182A4290A4003BBEAD /* Build configuration list for PBXNativeTarget "CleanWebtoonTests" */ = {
			isa = XCConfigurationList;
			buildConfigurations = (
				AB6C59192A4290A4003BBEAD /* Debug */,
				AB6C591A2A4290A4003BBEAD /* Release */,
			);
			defaultConfigurationIsVisible = 0;
			defaultConfigurationName = Release;
		};
		AB6C591B2A4290A4003BBEAD /* Build configuration list for PBXNativeTarget "CleanWebtoonUITests" */ = {
			isa = XCConfigurationList;
			buildConfigurations = (
				AB6C591C2A4290A4003BBEAD /* Debug */,
				AB6C591D2A4290A4003BBEAD /* Release */,
			);
			defaultConfigurationIsVisible = 0;
			defaultConfigurationName = Release;
		};
/* End XCConfigurationList section */

/* Begin XCVersionGroup section */
		ABD088782A569CEA00A28006 /* WebtoonCacheModel.xcdatamodeld */ = {
			isa = XCVersionGroup;
			children = (
				ABD088792A569CEA00A28006 /* WebtoonCacheModel.xcdatamodel */,
			);
			currentVersion = ABD088792A569CEA00A28006 /* WebtoonCacheModel.xcdatamodel */;
			path = WebtoonCacheModel.xcdatamodeld;
			sourceTree = "<group>";
			versionGroupType = wrapper.xcdatamodel;
		};
/* End XCVersionGroup section */
	};
	rootObject = AB6C58E32A4290A3003BBEAD /* Project object */;
}
